{
  "version": 4,
  "terraform_version": "1.3.9",
  "serial": 60,
  "lineage": "d1cfde19-1267-b320-9ab7-9da83ffcadfb",
  "outputs": {},
  "resources": [
    {
      "module": "module.services",
      "mode": "managed",
      "type": "google_project_service",
      "name": "this",
      "provider": "provider[\"registry.terraform.io/hashicorp/google\"]",
      "instances": [
        {
          "index_key": 0,
          "schema_version": 0,
          "attributes": {
            "disable_dependent_services": true,
            "disable_on_destroy": true,
            "id": "basic-arch-384210/compute.googleapis.com",
            "project": "basic-arch-384210",
            "service": "compute.googleapis.com",
            "timeouts": null
          },
          "sensitive_attributes": [],
          "private": "eyJlMmJmYjczMC1lY2FhLTExZTYtOGY4OC0zNDM2M2JjN2M0YzAiOnsiY3JlYXRlIjoxMjAwMDAwMDAwMDAwLCJkZWxldGUiOjEyMDAwMDAwMDAwMDAsInJlYWQiOjYwMDAwMDAwMDAwMCwidXBkYXRlIjoxMjAwMDAwMDAwMDAwfX0="
        }
      ]
    }
  ],
  "check_results": null
}
