{
  "version": 4,
  "terraform_version": "1.3.9",
  "serial": 69,
  "lineage": "d1cfde19-1267-b320-9ab7-9da83ffcadfb",
  "outputs": {
    "vm_address": {
      "value": "34.175.92.120",
      "type": "string"
    }
  },
  "resources": [
    {
      "mode": "managed",
      "type": "google_compute_firewall",
      "name": "allow_server_port",
      "provider": "provider[\"registry.terraform.io/hashicorp/google\"]",
      "instances": [
        {
          "schema_version": 1,
          "attributes": {
            "allow": [
              {
                "ports": [
                  "8080"
                ],
                "protocol": "tcp"
              }
            ],
            "creation_timestamp": "2023-04-30T10:47:25.316-07:00",
            "deny": [],
            "description": "",
            "destination_ranges": [],
            "direction": "INGRESS",
            "disabled": false,
            "enable_logging": null,
            "id": "projects/basic-arch-384210/global/firewalls/server-firewall",
            "log_config": [],
            "name": "server-firewall",
            "network": "https://www.googleapis.com/compute/v1/projects/basic-arch-384210/global/networks/default",
            "priority": 1000,
            "project": "basic-arch-384210",
            "self_link": "https://www.googleapis.com/compute/v1/projects/basic-arch-384210/global/firewalls/server-firewall",
            "source_ranges": [
              "0.0.0.0/0"
            ],
            "source_service_accounts": [],
            "source_tags": [],
            "target_service_accounts": [],
            "target_tags": [],
            "timeouts": null
          },
          "sensitive_attributes": [],
          "private": "eyJlMmJmYjczMC1lY2FhLTExZTYtOGY4OC0zNDM2M2JjN2M0YzAiOnsiY3JlYXRlIjoxMjAwMDAwMDAwMDAwLCJkZWxldGUiOjEyMDAwMDAwMDAwMDAsInVwZGF0ZSI6MTIwMDAwMDAwMDAwMH0sInNjaGVtYV92ZXJzaW9uIjoiMSJ9"
        }
      ]
    },
    {
      "module": "module.services",
      "mode": "managed",
      "type": "google_project_service",
      "name": "this",
      "provider": "provider[\"registry.terraform.io/hashicorp/google\"]",
      "instances": [
        {
          "index_key": 0,
          "schema_version": 0,
          "attributes": {
            "disable_dependent_services": false,
            "disable_on_destroy": false,
            "id": "basic-arch-384210/compute.googleapis.com",
            "project": "basic-arch-384210",
            "service": "compute.googleapis.com",
            "timeouts": null
          },
          "sensitive_attributes": [],
          "private": "eyJlMmJmYjczMC1lY2FhLTExZTYtOGY4OC0zNDM2M2JjN2M0YzAiOnsiY3JlYXRlIjoxMjAwMDAwMDAwMDAwLCJkZWxldGUiOjEyMDAwMDAwMDAwMDAsInJlYWQiOjYwMDAwMDAwMDAwMCwidXBkYXRlIjoxMjAwMDAwMDAwMDAwfX0="
        }
      ]
    },
    {
      "module": "module.vm",
      "mode": "managed",
      "type": "google_compute_instance",
      "name": "this",
      "provider": "provider[\"registry.terraform.io/hashicorp/google\"]",
      "instances": [
        {
          "schema_version": 6,
          "attributes": {
            "advanced_machine_features": [],
            "allow_stopping_for_update": null,
            "attached_disk": [],
            "boot_disk": [
              {
                "auto_delete": true,
                "device_name": "persistent-disk-0",
                "disk_encryption_key_raw": "",
                "disk_encryption_key_sha256": "",
                "initialize_params": [
                  {
                    "image": "https://www.googleapis.com/compute/v1/projects/ubuntu-os-cloud/global/images/ubuntu-1804-bionic-v20230425",
                    "labels": {},
                    "size": 10,
                    "type": "pd-standard"
                  }
                ],
                "kms_key_self_link": "",
                "mode": "READ_WRITE",
                "source": "https://www.googleapis.com/compute/v1/projects/basic-arch-384210/zones/europe-southwest1-a/disks/my-instance"
              }
            ],
            "can_ip_forward": false,
            "confidential_instance_config": [],
            "cpu_platform": "Intel Broadwell",
            "current_status": "RUNNING",
            "deletion_protection": false,
            "description": "",
            "desired_status": null,
            "enable_display": false,
            "guest_accelerator": [],
            "hostname": "",
            "id": "projects/basic-arch-384210/zones/europe-southwest1-a/instances/my-instance",
            "instance_id": "3931185403115279414",
            "label_fingerprint": "42WmSpB8rSM=",
            "labels": null,
            "machine_type": "e2-micro",
            "metadata": {
              "ssh-keys": "ubuntu:ssh-rsa AAAAB3NzaC1yc2EAAAADAQABAAABgQCkbBDKDzg6lOVnmF3tU9pHi3lBFbA/gOfkXhuGL0J6+9L1XixJRjhY74hoNftKl5JMy8m2d/ItAe/nu/YxLFAU4JF/cI37juuhU1iQrgYPhJHG53Ikvy4RR4L5SLxj8RZsB3fUoGMogzUyrC64I/pw+EYcEoD/vQMXkBzoOUHnNCsJ4tMWTAiJkEs3j060Iqpd1NB2NEM4yNAR+hpEhsliPq+JfmRLpV0bOkZDxzKYxVnQPd2W5Oout/b/Iy7a9wISlyNkWVzwPzrZaDFvSn+L776wYAw/VYnYt0Qv2NJjqfI0p5hE1P/2gVOC0vGv2WKLk+Ih7APm1utf0TfnpWAtFjd0fOZSOWtRW6MM6NhRAom8Sc0hCWrHi9EneH/bV5CicK3PCcCJuXTEnZ6Z3wZjQ7Yo90COFkyLc5nAgMyBTShJ80SRPNX5ai4lzV8t2SyKa6Fd/KKPGXomJJAs4i1vyItEwWyNVKJcKs6ma6cSwu6kcvLm1uzQbP8Nod2ls10= agalveru@VLD-8YGZFB3\r\n"
            },
            "metadata_fingerprint": "LtgOyACPND4=",
            "metadata_startup_script": "#!/bin/bash\n\ncat \u003e index.html \u003c\u003cEOF\n\u003ch1\u003eHello, World\u003c/h1\u003e\nEOF\n\nnohup busybox httpd -f -p 8080 \u0026",
            "min_cpu_platform": "",
            "name": "my-instance",
            "network_interface": [
              {
                "access_config": [
                  {
                    "nat_ip": "34.175.92.120",
                    "network_tier": "PREMIUM",
                    "public_ptr_domain_name": ""
                  }
                ],
                "alias_ip_range": [],
                "ipv6_access_config": [],
                "ipv6_access_type": "",
                "name": "nic0",
                "network": "https://www.googleapis.com/compute/v1/projects/basic-arch-384210/global/networks/default",
                "network_ip": "10.204.0.5",
                "nic_type": "",
                "queue_count": 0,
                "stack_type": "IPV4_ONLY",
                "subnetwork": "https://www.googleapis.com/compute/v1/projects/basic-arch-384210/regions/europe-southwest1/subnetworks/default",
                "subnetwork_project": "basic-arch-384210"
              }
            ],
            "project": "basic-arch-384210",
            "reservation_affinity": [],
            "resource_policies": null,
            "scheduling": [
              {
                "automatic_restart": true,
                "instance_termination_action": "",
                "min_node_cpus": 0,
                "node_affinities": [],
                "on_host_maintenance": "MIGRATE",
                "preemptible": false,
                "provisioning_model": "STANDARD"
              }
            ],
            "scratch_disk": [],
            "self_link": "https://www.googleapis.com/compute/v1/projects/basic-arch-384210/zones/europe-southwest1-a/instances/my-instance",
            "service_account": [],
            "shielded_instance_config": [
              {
                "enable_integrity_monitoring": true,
                "enable_secure_boot": false,
                "enable_vtpm": true
              }
            ],
            "tags": null,
            "tags_fingerprint": "42WmSpB8rSM=",
            "timeouts": null,
            "zone": "europe-southwest1-a"
          },
          "sensitive_attributes": [],
          "private": "eyJlMmJmYjczMC1lY2FhLTExZTYtOGY4OC0zNDM2M2JjN2M0YzAiOnsiY3JlYXRlIjoxMjAwMDAwMDAwMDAwLCJkZWxldGUiOjEyMDAwMDAwMDAwMDAsInVwZGF0ZSI6MTIwMDAwMDAwMDAwMH0sInNjaGVtYV92ZXJzaW9uIjoiNiJ9"
        }
      ]
    }
  ],
  "check_results": null
}
