{
  "version": 4,
  "terraform_version": "1.3.9",
  "serial": 922,
  "lineage": "d1cfde19-1267-b320-9ab7-9da83ffcadfb",
  "outputs": {
    "lb_address": {
      "value": "34.0.210.21",
      "type": "string"
    }
  },
  "resources": [
    {
      "module": "module.lb",
      "mode": "managed",
      "type": "google_compute_address",
      "name": "this",
      "provider": "provider[\"registry.terraform.io/hashicorp/google\"]",
      "instances": [
        {
          "schema_version": 0,
          "attributes": {
            "address": "34.0.210.21",
            "address_type": "EXTERNAL",
            "creation_timestamp": "2023-06-08T10:15:05.777-07:00",
            "description": "",
            "id": "projects/basic-arch-384210/regions/europe-southwest1/addresses/my-lb-public-ip",
            "name": "my-lb-public-ip",
            "network": "",
            "network_tier": "STANDARD",
            "prefix_length": 0,
            "project": "basic-arch-384210",
            "purpose": "",
            "region": "europe-southwest1",
            "self_link": "https://www.googleapis.com/compute/v1/projects/basic-arch-384210/regions/europe-southwest1/addresses/my-lb-public-ip",
            "subnetwork": "",
            "timeouts": null,
            "users": [
              "https://www.googleapis.com/compute/v1/projects/basic-arch-384210/regions/europe-southwest1/forwardingRules/my-lb-forwarding-rule"
            ]
          },
          "sensitive_attributes": [],
          "private": "eyJlMmJmYjczMC1lY2FhLTExZTYtOGY4OC0zNDM2M2JjN2M0YzAiOnsiY3JlYXRlIjoxMjAwMDAwMDAwMDAwLCJkZWxldGUiOjEyMDAwMDAwMDAwMDB9fQ==",
          "dependencies": [
            "module.mig.data.google_service_account.this",
            "module.mig.google_compute_autoscaler.default",
            "module.mig.google_compute_health_check.this",
            "module.mig.google_compute_instance_group_manager.this",
            "module.mig.google_compute_instance_template.this",
            "module.vpc.google_compute_network.this",
            "module.vpc.google_compute_subnetwork.proxy",
            "module.vpc.google_compute_subnetwork.public",
            "module.vpc.module.firewall.google_compute_firewall.allow_icmp",
            "module.vpc.module.firewall.google_compute_firewall.allow_internal_traffic",
            "module.vpc.module.firewall.google_compute_firewall.allow_server_port",
            "module.vpc.module.firewall.google_compute_firewall.allow_ssh"
          ]
        }
      ]
    },
    {
      "module": "module.lb",
      "mode": "managed",
      "type": "google_compute_forwarding_rule",
      "name": "this",
      "provider": "provider[\"registry.terraform.io/hashicorp/google\"]",
      "instances": [
        {
          "schema_version": 0,
          "attributes": {
            "all_ports": false,
            "allow_global_access": false,
            "backend_service": "",
            "creation_timestamp": "2023-06-08T10:16:03.318-07:00",
            "description": "",
            "id": "projects/basic-arch-384210/regions/europe-southwest1/forwardingRules/my-lb-forwarding-rule",
            "ip_address": "https://www.googleapis.com/compute/v1/projects/basic-arch-384210/regions/europe-southwest1/addresses/my-lb-public-ip",
            "ip_protocol": "TCP",
            "is_mirroring_collector": false,
            "label_fingerprint": "42WmSpB8rSM=",
            "labels": {},
            "load_balancing_scheme": "EXTERNAL_MANAGED",
            "name": "my-lb-forwarding-rule",
            "network": "projects/basic-arch-384210/global/networks/my-vpc",
            "network_tier": "STANDARD",
            "port_range": "8080",
            "ports": [],
            "project": "basic-arch-384210",
            "psc_connection_id": "",
            "psc_connection_status": "",
            "region": "europe-southwest1",
            "self_link": "https://www.googleapis.com/compute/v1/projects/basic-arch-384210/regions/europe-southwest1/forwardingRules/my-lb-forwarding-rule",
            "service_directory_registrations": [],
            "service_label": "",
            "service_name": "",
            "subnetwork": "",
            "target": "projects/basic-arch-384210/regions/europe-southwest1/targetHttpProxies/my-lb-proxy",
            "timeouts": null
          },
          "sensitive_attributes": [],
          "private": "eyJlMmJmYjczMC1lY2FhLTExZTYtOGY4OC0zNDM2M2JjN2M0YzAiOnsiY3JlYXRlIjoxMjAwMDAwMDAwMDAwLCJkZWxldGUiOjEyMDAwMDAwMDAwMDAsInVwZGF0ZSI6MTIwMDAwMDAwMDAwMH19",
          "dependencies": [
            "module.lb.google_compute_address.this",
            "module.lb.google_compute_region_backend_service.this",
            "module.lb.google_compute_region_health_check.this",
            "module.lb.google_compute_region_target_http_proxy.this",
            "module.lb.google_compute_region_url_map.this",
            "module.mig.data.google_service_account.this",
            "module.mig.google_compute_autoscaler.default",
            "module.mig.google_compute_health_check.this",
            "module.mig.google_compute_instance_group_manager.this",
            "module.mig.google_compute_instance_template.this",
            "module.vpc.google_compute_network.this",
            "module.vpc.google_compute_subnetwork.proxy",
            "module.vpc.google_compute_subnetwork.public",
            "module.vpc.module.firewall.google_compute_firewall.allow_icmp",
            "module.vpc.module.firewall.google_compute_firewall.allow_internal_traffic",
            "module.vpc.module.firewall.google_compute_firewall.allow_server_port",
            "module.vpc.module.firewall.google_compute_firewall.allow_ssh"
          ]
        }
      ]
    },
    {
      "module": "module.lb",
      "mode": "managed",
      "type": "google_compute_region_backend_service",
      "name": "this",
      "provider": "provider[\"registry.terraform.io/hashicorp/google\"]",
      "instances": [
        {
          "schema_version": 1,
          "attributes": {
            "affinity_cookie_ttl_sec": 0,
            "backend": [
              {
                "balancing_mode": "UTILIZATION",
                "capacity_scaler": 1,
                "description": "",
                "failover": false,
                "group": "https://www.googleapis.com/compute/v1/projects/basic-arch-384210/zones/europe-southwest1-a/instanceGroups/my-mig",
                "max_connections": 0,
                "max_connections_per_endpoint": 0,
                "max_connections_per_instance": 0,
                "max_rate": 0,
                "max_rate_per_endpoint": 0,
                "max_rate_per_instance": 0,
                "max_utilization": 0
              }
            ],
            "cdn_policy": [],
            "circuit_breakers": [],
            "connection_draining_timeout_sec": 0,
            "consistent_hash": [],
            "creation_timestamp": "2023-06-08T10:15:17.576-07:00",
            "description": "",
            "enable_cdn": false,
            "failover_policy": [],
            "fingerprint": "AcqVMPrhEQ0=",
            "health_checks": [
              "https://www.googleapis.com/compute/v1/projects/basic-arch-384210/regions/europe-southwest1/healthChecks/my-lb-health-check"
            ],
            "iap": [],
            "id": "projects/basic-arch-384210/regions/europe-southwest1/backendServices/my-lb-backend-service",
            "load_balancing_scheme": "EXTERNAL_MANAGED",
            "locality_lb_policy": "",
            "log_config": [],
            "name": "my-lb-backend-service",
            "network": "",
            "outlier_detection": [],
            "port_name": "server-port",
            "project": "basic-arch-384210",
            "protocol": "HTTP",
            "region": "europe-southwest1",
            "self_link": "https://www.googleapis.com/compute/v1/projects/basic-arch-384210/regions/europe-southwest1/backendServices/my-lb-backend-service",
            "session_affinity": "NONE",
            "timeout_sec": 10,
            "timeouts": null
          },
          "sensitive_attributes": [],
          "private": "eyJlMmJmYjczMC1lY2FhLTExZTYtOGY4OC0zNDM2M2JjN2M0YzAiOnsiY3JlYXRlIjoxMjAwMDAwMDAwMDAwLCJkZWxldGUiOjEyMDAwMDAwMDAwMDAsInVwZGF0ZSI6MTIwMDAwMDAwMDAwMH0sInNjaGVtYV92ZXJzaW9uIjoiMSJ9",
          "dependencies": [
            "module.lb.google_compute_region_health_check.this",
            "module.mig.data.google_service_account.this",
            "module.mig.google_compute_autoscaler.default",
            "module.mig.google_compute_health_check.this",
            "module.mig.google_compute_instance_group_manager.this",
            "module.mig.google_compute_instance_template.this",
            "module.vpc.google_compute_network.this",
            "module.vpc.google_compute_subnetwork.proxy",
            "module.vpc.google_compute_subnetwork.public",
            "module.vpc.module.firewall.google_compute_firewall.allow_icmp",
            "module.vpc.module.firewall.google_compute_firewall.allow_internal_traffic",
            "module.vpc.module.firewall.google_compute_firewall.allow_server_port",
            "module.vpc.module.firewall.google_compute_firewall.allow_ssh"
          ]
        }
      ]
    },
    {
      "module": "module.lb",
      "mode": "managed",
      "type": "google_compute_region_health_check",
      "name": "this",
      "provider": "provider[\"registry.terraform.io/hashicorp/google\"]",
      "instances": [
        {
          "schema_version": 0,
          "attributes": {
            "check_interval_sec": 5,
            "creation_timestamp": "2023-06-08T10:15:05.718-07:00",
            "description": "",
            "grpc_health_check": [],
            "healthy_threshold": 2,
            "http2_health_check": [],
            "http_health_check": [
              {
                "host": "",
                "port": 8080,
                "port_name": "",
                "port_specification": "",
                "proxy_header": "NONE",
                "request_path": "/",
                "response": ""
              }
            ],
            "https_health_check": [],
            "id": "projects/basic-arch-384210/regions/europe-southwest1/healthChecks/my-lb-health-check",
            "log_config": [
              {
                "enable": false
              }
            ],
            "name": "my-lb-health-check",
            "project": "basic-arch-384210",
            "region": "europe-southwest1",
            "self_link": "https://www.googleapis.com/compute/v1/projects/basic-arch-384210/regions/europe-southwest1/healthChecks/my-lb-health-check",
            "ssl_health_check": [],
            "tcp_health_check": [],
            "timeout_sec": 5,
            "timeouts": null,
            "type": "HTTP",
            "unhealthy_threshold": 10
          },
          "sensitive_attributes": [],
          "private": "eyJlMmJmYjczMC1lY2FhLTExZTYtOGY4OC0zNDM2M2JjN2M0YzAiOnsiY3JlYXRlIjoxMjAwMDAwMDAwMDAwLCJkZWxldGUiOjEyMDAwMDAwMDAwMDAsInVwZGF0ZSI6MTIwMDAwMDAwMDAwMH19",
          "dependencies": [
            "module.mig.data.google_service_account.this",
            "module.mig.google_compute_autoscaler.default",
            "module.mig.google_compute_health_check.this",
            "module.mig.google_compute_instance_group_manager.this",
            "module.mig.google_compute_instance_template.this",
            "module.vpc.google_compute_network.this",
            "module.vpc.google_compute_subnetwork.proxy",
            "module.vpc.google_compute_subnetwork.public",
            "module.vpc.module.firewall.google_compute_firewall.allow_icmp",
            "module.vpc.module.firewall.google_compute_firewall.allow_internal_traffic",
            "module.vpc.module.firewall.google_compute_firewall.allow_server_port",
            "module.vpc.module.firewall.google_compute_firewall.allow_ssh"
          ]
        }
      ]
    },
    {
      "module": "module.lb",
      "mode": "managed",
      "type": "google_compute_region_target_http_proxy",
      "name": "this",
      "provider": "provider[\"registry.terraform.io/hashicorp/google\"]",
      "instances": [
        {
          "schema_version": 0,
          "attributes": {
            "creation_timestamp": "2023-06-08T10:15:50.986-07:00",
            "description": "",
            "id": "projects/basic-arch-384210/regions/europe-southwest1/targetHttpProxies/my-lb-proxy",
            "name": "my-lb-proxy",
            "project": "basic-arch-384210",
            "proxy_id": -1171279319,
            "region": "europe-southwest1",
            "self_link": "https://www.googleapis.com/compute/v1/projects/basic-arch-384210/regions/europe-southwest1/targetHttpProxies/my-lb-proxy",
            "timeouts": null,
            "url_map": "https://www.googleapis.com/compute/v1/projects/basic-arch-384210/regions/europe-southwest1/urlMaps/my-lb-url-map"
          },
          "sensitive_attributes": [],
          "private": "eyJlMmJmYjczMC1lY2FhLTExZTYtOGY4OC0zNDM2M2JjN2M0YzAiOnsiY3JlYXRlIjoxMjAwMDAwMDAwMDAwLCJkZWxldGUiOjEyMDAwMDAwMDAwMDAsInVwZGF0ZSI6MTIwMDAwMDAwMDAwMH19",
          "dependencies": [
            "module.lb.google_compute_region_backend_service.this",
            "module.lb.google_compute_region_health_check.this",
            "module.lb.google_compute_region_url_map.this",
            "module.mig.data.google_service_account.this",
            "module.mig.google_compute_autoscaler.default",
            "module.mig.google_compute_health_check.this",
            "module.mig.google_compute_instance_group_manager.this",
            "module.mig.google_compute_instance_template.this",
            "module.vpc.google_compute_network.this",
            "module.vpc.google_compute_subnetwork.proxy",
            "module.vpc.google_compute_subnetwork.public",
            "module.vpc.module.firewall.google_compute_firewall.allow_icmp",
            "module.vpc.module.firewall.google_compute_firewall.allow_internal_traffic",
            "module.vpc.module.firewall.google_compute_firewall.allow_server_port",
            "module.vpc.module.firewall.google_compute_firewall.allow_ssh"
          ]
        }
      ]
    },
    {
      "module": "module.lb",
      "mode": "managed",
      "type": "google_compute_region_url_map",
      "name": "this",
      "provider": "provider[\"registry.terraform.io/hashicorp/google\"]",
      "instances": [
        {
          "schema_version": 0,
          "attributes": {
            "creation_timestamp": "2023-06-08T10:15:39.382-07:00",
            "default_route_action": [],
            "default_service": "https://www.googleapis.com/compute/v1/projects/basic-arch-384210/regions/europe-southwest1/backendServices/my-lb-backend-service",
            "default_url_redirect": [],
            "description": "",
            "fingerprint": "Kx57ghYm0Io=",
            "host_rule": [],
            "id": "projects/basic-arch-384210/regions/europe-southwest1/urlMaps/my-lb-url-map",
            "map_id": -1171279276,
            "name": "my-lb-url-map",
            "path_matcher": [],
            "project": "basic-arch-384210",
            "region": "europe-southwest1",
            "self_link": "https://www.googleapis.com/compute/v1/projects/basic-arch-384210/regions/europe-southwest1/urlMaps/my-lb-url-map",
            "test": [],
            "timeouts": null
          },
          "sensitive_attributes": [],
          "private": "eyJlMmJmYjczMC1lY2FhLTExZTYtOGY4OC0zNDM2M2JjN2M0YzAiOnsiY3JlYXRlIjoxMjAwMDAwMDAwMDAwLCJkZWxldGUiOjEyMDAwMDAwMDAwMDAsInVwZGF0ZSI6MTIwMDAwMDAwMDAwMH19",
          "dependencies": [
            "module.lb.google_compute_region_backend_service.this",
            "module.lb.google_compute_region_health_check.this",
            "module.mig.data.google_service_account.this",
            "module.mig.google_compute_autoscaler.default",
            "module.mig.google_compute_health_check.this",
            "module.mig.google_compute_instance_group_manager.this",
            "module.mig.google_compute_instance_template.this",
            "module.vpc.google_compute_network.this",
            "module.vpc.google_compute_subnetwork.proxy",
            "module.vpc.google_compute_subnetwork.public",
            "module.vpc.module.firewall.google_compute_firewall.allow_icmp",
            "module.vpc.module.firewall.google_compute_firewall.allow_internal_traffic",
            "module.vpc.module.firewall.google_compute_firewall.allow_server_port",
            "module.vpc.module.firewall.google_compute_firewall.allow_ssh"
          ]
        }
      ]
    },
    {
      "module": "module.mig",
      "mode": "data",
      "type": "google_service_account",
      "name": "this",
      "provider": "provider[\"registry.terraform.io/hashicorp/google\"]",
      "instances": [
        {
          "schema_version": 0,
          "attributes": {
            "account_id": "terraform",
            "display_name": "terraform",
            "email": "terraform@basic-arch-384210.iam.gserviceaccount.com",
            "id": "projects/basic-arch-384210/serviceAccounts/terraform@basic-arch-384210.iam.gserviceaccount.com",
            "member": "serviceAccount:terraform@basic-arch-384210.iam.gserviceaccount.com",
            "name": "projects/basic-arch-384210/serviceAccounts/terraform@basic-arch-384210.iam.gserviceaccount.com",
            "project": "basic-arch-384210",
            "unique_id": "114217582223684106927"
          },
          "sensitive_attributes": []
        }
      ]
    },
    {
      "module": "module.mig",
      "mode": "managed",
      "type": "google_compute_autoscaler",
      "name": "default",
      "provider": "provider[\"registry.terraform.io/hashicorp/google\"]",
      "instances": [
        {
          "schema_version": 0,
          "attributes": {
            "autoscaling_policy": [
              {
                "cooldown_period": 60,
                "cpu_utilization": [
                  {
                    "predictive_method": "NONE",
                    "target": 0.6
                  }
                ],
                "load_balancing_utilization": [],
                "max_replicas": 4,
                "metric": [],
                "min_replicas": 2,
                "mode": "ON",
                "scale_in_control": [],
                "scaling_schedules": []
              }
            ],
            "creation_timestamp": "2023-06-08T10:14:54.288-07:00",
            "description": "",
            "id": "projects/basic-arch-384210/zones/europe-southwest1-a/autoscalers/my-mig-autoscaler",
            "name": "my-mig-autoscaler",
            "project": "basic-arch-384210",
            "self_link": "https://www.googleapis.com/compute/v1/projects/basic-arch-384210/zones/europe-southwest1-a/autoscalers/my-mig-autoscaler",
            "target": "https://www.googleapis.com/compute/v1/projects/basic-arch-384210/zones/europe-southwest1-a/instanceGroupManagers/my-mig",
            "timeouts": null,
            "zone": "https://www.googleapis.com/compute/v1/projects/basic-arch-384210/zones/europe-southwest1-a"
          },
          "sensitive_attributes": [],
          "private": "eyJlMmJmYjczMC1lY2FhLTExZTYtOGY4OC0zNDM2M2JjN2M0YzAiOnsiY3JlYXRlIjoxMjAwMDAwMDAwMDAwLCJkZWxldGUiOjEyMDAwMDAwMDAwMDAsInVwZGF0ZSI6MTIwMDAwMDAwMDAwMH19",
          "dependencies": [
            "module.mig.data.google_service_account.this",
            "module.mig.google_compute_health_check.this",
            "module.mig.google_compute_instance_group_manager.this",
            "module.mig.google_compute_instance_template.this",
            "module.vpc.google_compute_network.this",
            "module.vpc.google_compute_subnetwork.public"
          ]
        }
      ]
    },
    {
      "module": "module.mig",
      "mode": "managed",
      "type": "google_compute_health_check",
      "name": "this",
      "provider": "provider[\"registry.terraform.io/hashicorp/google\"]",
      "instances": [
        {
          "schema_version": 0,
          "attributes": {
            "check_interval_sec": 5,
            "creation_timestamp": "2023-06-08T10:13:21.745-07:00",
            "description": "",
            "grpc_health_check": [],
            "healthy_threshold": 2,
            "http2_health_check": [],
            "http_health_check": [
              {
                "host": "",
                "port": 8080,
                "port_name": "",
                "port_specification": "",
                "proxy_header": "NONE",
                "request_path": "/",
                "response": ""
              }
            ],
            "https_health_check": [],
            "id": "projects/basic-arch-384210/global/healthChecks/my-mig-health-check",
            "log_config": [
              {
                "enable": false
              }
            ],
            "name": "my-mig-health-check",
            "project": "basic-arch-384210",
            "self_link": "https://www.googleapis.com/compute/v1/projects/basic-arch-384210/global/healthChecks/my-mig-health-check",
            "ssl_health_check": [],
            "tcp_health_check": [],
            "timeout_sec": 5,
            "timeouts": null,
            "type": "HTTP",
            "unhealthy_threshold": 10
          },
          "sensitive_attributes": [],
          "private": "eyJlMmJmYjczMC1lY2FhLTExZTYtOGY4OC0zNDM2M2JjN2M0YzAiOnsiY3JlYXRlIjoxMjAwMDAwMDAwMDAwLCJkZWxldGUiOjEyMDAwMDAwMDAwMDAsInVwZGF0ZSI6MTIwMDAwMDAwMDAwMH19"
        }
      ]
    },
    {
      "module": "module.mig",
      "mode": "managed",
      "type": "google_compute_instance_group_manager",
      "name": "this",
      "provider": "provider[\"registry.terraform.io/hashicorp/google\"]",
      "instances": [
        {
          "schema_version": 0,
          "attributes": {
            "auto_healing_policies": [
              {
                "health_check": "https://www.googleapis.com/compute/v1/projects/basic-arch-384210/global/healthChecks/my-mig-health-check",
                "initial_delay_sec": 300
              }
            ],
            "base_instance_name": "instance",
            "description": "",
            "fingerprint": "skxCGh0MEfo=",
            "id": "projects/basic-arch-384210/zones/europe-southwest1-a/instanceGroupManagers/my-mig",
            "instance_group": "https://www.googleapis.com/compute/v1/projects/basic-arch-384210/zones/europe-southwest1-a/instanceGroups/my-mig",
            "list_managed_instances_results": "PAGELESS",
            "name": "my-mig",
            "named_port": [],
            "operation": null,
            "project": "basic-arch-384210",
            "self_link": "https://www.googleapis.com/compute/v1/projects/basic-arch-384210/zones/europe-southwest1-a/instanceGroupManagers/my-mig",
            "stateful_disk": [],
            "status": [
              {
                "is_stable": true,
                "stateful": [
                  {
                    "has_stateful_config": false,
                    "per_instance_configs": [
                      {
                        "all_effective": true
                      }
                    ]
                  }
                ],
                "version_target": [
                  {
                    "is_reached": true
                  }
                ]
              }
            ],
            "target_pools": [],
            "target_size": 2,
            "timeouts": null,
            "update_policy": [
              {
                "max_surge_fixed": 1,
                "max_surge_percent": 0,
                "max_unavailable_fixed": 1,
                "max_unavailable_percent": 0,
                "minimal_action": "REPLACE",
                "most_disruptive_allowed_action": "",
                "replacement_method": "SUBSTITUTE",
                "type": "OPPORTUNISTIC"
              }
            ],
            "version": [
              {
                "instance_template": "https://www.googleapis.com/compute/v1/projects/basic-arch-384210/global/instanceTemplates/my-mig-instance-template",
                "name": "",
                "target_size": []
              }
            ],
            "wait_for_instances": false,
            "wait_for_instances_status": "STABLE",
            "zone": "europe-southwest1-a"
          },
          "sensitive_attributes": [],
          "private": "eyJlMmJmYjczMC1lY2FhLTExZTYtOGY4OC0zNDM2M2JjN2M0YzAiOnsiY3JlYXRlIjo5MDAwMDAwMDAwMDAsImRlbGV0ZSI6OTAwMDAwMDAwMDAwLCJ1cGRhdGUiOjkwMDAwMDAwMDAwMH19",
          "dependencies": [
            "module.mig.google_compute_health_check.this",
            "module.mig.google_compute_instance_template.this"
          ]
        }
      ]
    },
    {
      "module": "module.mig",
      "mode": "managed",
      "type": "google_compute_instance_template",
      "name": "this",
      "provider": "provider[\"registry.terraform.io/hashicorp/google\"]",
      "instances": [
        {
          "schema_version": 1,
          "attributes": {
            "advanced_machine_features": [],
            "can_ip_forward": false,
            "confidential_instance_config": [],
            "description": "",
            "disk": [
              {
                "auto_delete": true,
                "boot": true,
                "device_name": "persistent-disk-0",
                "disk_encryption_key": [],
                "disk_name": "",
                "disk_size_gb": 0,
                "disk_type": "pd-standard",
                "interface": "SCSI",
                "labels": {},
                "mode": "READ_WRITE",
                "resource_policies": [],
                "source": "",
                "source_image": "projects/ubuntu-os-cloud/global/images/family/ubuntu-1804-lts",
                "source_image_encryption_key": [],
                "source_snapshot": "",
                "source_snapshot_encryption_key": [],
                "type": "PERSISTENT"
              }
            ],
            "guest_accelerator": [],
            "id": "projects/basic-arch-384210/global/instanceTemplates/my-mig-instance-template",
            "instance_description": "",
            "labels": null,
            "machine_type": "e2-micro",
            "metadata": {
              "ssh-keys": "ubuntu:ssh-rsa AAAAB3NzaC1yc2EAAAADAQABAAABgQC1we1/Koh5zVa+0NTkCE3hFE2NGG7lgNOynmwJYHvOZGzTyGr3lFPEZgTkWNJFwDEOfJ207iOiefxas5U+l0KokO5dXYHuSbC9j04ESIEcWNy325AE+/rHOM5xh/gNikJo0zVeFocpm32froAEs3IbBX8bnhFLwIvJ3S/4dRGMa1i12PvpOFggCYYR1g0Gj3kybM9ZTpLmfMA4AZ+mGLaHzr8CDEH6JPBxl56qOM1LyjzQonKufdN5RIm5MEFzTPyvf52bc7QGoXDBJyLw5H4LgwA0ljlGfdp+Snb8KvJGDhKWIRF3FU604exFnJkHyyQuOdHSU3HkoEIu7p8eqpyRxPQqE+6zqz2F7RyO9ku8Ww2H9mOh9o0ix9Q0ymqwGdLsMJMXS6H4eK7HQoINOXf9kAO8aWchweLow/arpdRlP3bX1MrrWrAwtJ6jww9QB6+CSgLFfS5hF3PN+/tOG/deoSXuWomV4k/iEFi2VXUxHC9h3ETXKvwn9PrQxdO8jM0= agalveru@VLD-8YGZFB3\r\n"
            },
            "metadata_fingerprint": "TvlDd0LtVyQ=",
            "metadata_startup_script": "#!/bin/bash\n\nsudo echo \"hola\" \u003e\u003e /home/ubuntu/prueba.txt\n\ncat \u003e index.html \u003c\u003cEOF\n\u003ch1\u003eHello, World\u003c/h1\u003e\nEOF\n\nnohup busybox httpd -f -p 8080 \u0026",
            "min_cpu_platform": "",
            "name": "my-mig-instance-template",
            "name_prefix": null,
            "network_interface": [
              {
                "access_config": [
                  {
                    "nat_ip": "",
                    "network_tier": "PREMIUM",
                    "public_ptr_domain_name": ""
                  }
                ],
                "alias_ip_range": [],
                "ipv6_access_config": [],
                "ipv6_access_type": "",
                "name": "nic0",
                "network": "https://www.googleapis.com/compute/v1/projects/basic-arch-384210/global/networks/my-vpc",
                "network_ip": "",
                "nic_type": "",
                "queue_count": 0,
                "stack_type": "",
                "subnetwork": "https://www.googleapis.com/compute/v1/projects/basic-arch-384210/regions/europe-southwest1/subnetworks/my-public-subnet-0",
                "subnetwork_project": "basic-arch-384210"
              }
            ],
            "project": "basic-arch-384210",
            "region": "europe-southwest1",
            "reservation_affinity": [],
            "resource_policies": null,
            "scheduling": [
              {
                "automatic_restart": true,
                "instance_termination_action": "",
                "min_node_cpus": 0,
                "node_affinities": [],
                "on_host_maintenance": "MIGRATE",
                "preemptible": false,
                "provisioning_model": "STANDARD"
              }
            ],
            "self_link": "https://www.googleapis.com/compute/v1/projects/basic-arch-384210/global/instanceTemplates/my-mig-instance-template",
            "self_link_unique": "https://www.googleapis.com/compute/v1/projects/basic-arch-384210/global/instanceTemplates/my-mig-instance-template?uniqueId=143615832531907215",
            "service_account": [
              {
                "email": "terraform@basic-arch-384210.iam.gserviceaccount.com",
                "scopes": [
                  "https://www.googleapis.com/auth/cloud-platform"
                ]
              }
            ],
            "shielded_instance_config": [],
            "tags": [],
            "tags_fingerprint": "",
            "timeouts": null
          },
          "sensitive_attributes": [],
          "private": "eyJlMmJmYjczMC1lY2FhLTExZTYtOGY4OC0zNDM2M2JjN2M0YzAiOnsiY3JlYXRlIjoyNDAwMDAwMDAwMDAsImRlbGV0ZSI6MjQwMDAwMDAwMDAwfSwic2NoZW1hX3ZlcnNpb24iOiIxIn0=",
          "dependencies": [
            "module.mig.data.google_service_account.this",
            "module.vpc.google_compute_network.this",
            "module.vpc.google_compute_subnetwork.public"
          ]
        }
      ]
    },
    {
      "module": "module.services",
      "mode": "managed",
      "type": "google_project_service",
      "name": "this",
      "provider": "provider[\"registry.terraform.io/hashicorp/google\"]",
      "instances": [
        {
          "index_key": 0,
          "schema_version": 0,
          "attributes": {
            "disable_dependent_services": false,
            "disable_on_destroy": false,
            "id": "basic-arch-384210/compute.googleapis.com",
            "project": "basic-arch-384210",
            "service": "compute.googleapis.com",
            "timeouts": null
          },
          "sensitive_attributes": [],
          "private": "eyJlMmJmYjczMC1lY2FhLTExZTYtOGY4OC0zNDM2M2JjN2M0YzAiOnsiY3JlYXRlIjoxMjAwMDAwMDAwMDAwLCJkZWxldGUiOjEyMDAwMDAwMDAwMDAsInJlYWQiOjYwMDAwMDAwMDAwMCwidXBkYXRlIjoxMjAwMDAwMDAwMDAwfX0="
        }
      ]
    },
    {
      "module": "module.vpc",
      "mode": "managed",
      "type": "google_compute_network",
      "name": "this",
      "provider": "provider[\"registry.terraform.io/hashicorp/google\"]",
      "instances": [
        {
          "schema_version": 0,
          "attributes": {
            "auto_create_subnetworks": false,
            "delete_default_routes_on_create": false,
            "description": "",
            "enable_ula_internal_ipv6": false,
            "gateway_ipv4": "",
            "id": "projects/basic-arch-384210/global/networks/my-vpc",
            "internal_ipv6_range": "",
            "mtu": 0,
            "name": "my-vpc",
            "network_firewall_policy_enforcement_order": "AFTER_CLASSIC_FIREWALL",
            "project": "basic-arch-384210",
            "routing_mode": "REGIONAL",
            "self_link": "https://www.googleapis.com/compute/v1/projects/basic-arch-384210/global/networks/my-vpc",
            "timeouts": null
          },
          "sensitive_attributes": [],
          "private": "eyJlMmJmYjczMC1lY2FhLTExZTYtOGY4OC0zNDM2M2JjN2M0YzAiOnsiY3JlYXRlIjoxMjAwMDAwMDAwMDAwLCJkZWxldGUiOjEyMDAwMDAwMDAwMDAsInVwZGF0ZSI6MTIwMDAwMDAwMDAwMH19"
        }
      ]
    },
    {
      "module": "module.vpc",
      "mode": "managed",
      "type": "google_compute_subnetwork",
      "name": "proxy",
      "provider": "provider[\"registry.terraform.io/hashicorp/google\"]",
      "instances": [
        {
          "index_key": 0,
          "schema_version": 0,
          "attributes": {
            "creation_timestamp": "2023-06-08T10:13:44.777-07:00",
            "description": "",
            "external_ipv6_prefix": "",
            "fingerprint": null,
            "gateway_address": "10.1.0.1",
            "id": "projects/basic-arch-384210/regions/europe-southwest1/subnetworks/my-proxy-subnet-0",
            "ip_cidr_range": "10.1.0.0/24",
            "ipv6_access_type": "",
            "ipv6_cidr_range": "",
            "log_config": [],
            "name": "my-proxy-subnet-0",
            "network": "https://www.googleapis.com/compute/v1/projects/basic-arch-384210/global/networks/my-vpc",
            "private_ip_google_access": false,
            "private_ipv6_google_access": "DISABLE_GOOGLE_ACCESS",
            "project": "basic-arch-384210",
            "purpose": "REGIONAL_MANAGED_PROXY",
            "region": "europe-southwest1",
            "role": "ACTIVE",
            "secondary_ip_range": [],
            "self_link": "https://www.googleapis.com/compute/v1/projects/basic-arch-384210/regions/europe-southwest1/subnetworks/my-proxy-subnet-0",
            "stack_type": "",
            "timeouts": null
          },
          "sensitive_attributes": [],
          "private": "eyJlMmJmYjczMC1lY2FhLTExZTYtOGY4OC0zNDM2M2JjN2M0YzAiOnsiY3JlYXRlIjoxMjAwMDAwMDAwMDAwLCJkZWxldGUiOjEyMDAwMDAwMDAwMDAsInVwZGF0ZSI6MTIwMDAwMDAwMDAwMH19",
          "dependencies": [
            "module.vpc.google_compute_network.this"
          ]
        }
      ]
    },
    {
      "module": "module.vpc",
      "mode": "managed",
      "type": "google_compute_subnetwork",
      "name": "public",
      "provider": "provider[\"registry.terraform.io/hashicorp/google\"]",
      "instances": [
        {
          "index_key": 0,
          "schema_version": 0,
          "attributes": {
            "creation_timestamp": "2023-06-08T10:13:44.680-07:00",
            "description": "",
            "external_ipv6_prefix": "",
            "fingerprint": null,
            "gateway_address": "10.0.0.1",
            "id": "projects/basic-arch-384210/regions/europe-southwest1/subnetworks/my-public-subnet-0",
            "ip_cidr_range": "10.0.0.0/24",
            "ipv6_access_type": "",
            "ipv6_cidr_range": "",
            "log_config": [],
            "name": "my-public-subnet-0",
            "network": "https://www.googleapis.com/compute/v1/projects/basic-arch-384210/global/networks/my-vpc",
            "private_ip_google_access": false,
            "private_ipv6_google_access": "DISABLE_GOOGLE_ACCESS",
            "project": "basic-arch-384210",
            "purpose": "PRIVATE",
            "region": "europe-southwest1",
            "role": "",
            "secondary_ip_range": [],
            "self_link": "https://www.googleapis.com/compute/v1/projects/basic-arch-384210/regions/europe-southwest1/subnetworks/my-public-subnet-0",
            "stack_type": "IPV4_ONLY",
            "timeouts": null
          },
          "sensitive_attributes": [],
          "private": "eyJlMmJmYjczMC1lY2FhLTExZTYtOGY4OC0zNDM2M2JjN2M0YzAiOnsiY3JlYXRlIjoxMjAwMDAwMDAwMDAwLCJkZWxldGUiOjEyMDAwMDAwMDAwMDAsInVwZGF0ZSI6MTIwMDAwMDAwMDAwMH19",
          "dependencies": [
            "module.vpc.google_compute_network.this"
          ]
        }
      ]
    },
    {
      "module": "module.vpc.module.firewall",
      "mode": "managed",
      "type": "google_compute_firewall",
      "name": "allow_icmp",
      "provider": "provider[\"registry.terraform.io/hashicorp/google\"]",
      "instances": [
        {
          "schema_version": 1,
          "attributes": {
            "allow": [
              {
                "ports": [],
                "protocol": "icmp"
              }
            ],
            "creation_timestamp": "2023-06-08T10:13:44.064-07:00",
            "deny": [],
            "description": "",
            "destination_ranges": [],
            "direction": "INGRESS",
            "disabled": false,
            "enable_logging": null,
            "id": "projects/basic-arch-384210/global/firewalls/allow-icmp",
            "log_config": [],
            "name": "allow-icmp",
            "network": "https://www.googleapis.com/compute/v1/projects/basic-arch-384210/global/networks/my-vpc",
            "priority": 1000,
            "project": "basic-arch-384210",
            "self_link": "https://www.googleapis.com/compute/v1/projects/basic-arch-384210/global/firewalls/allow-icmp",
            "source_ranges": [
              "0.0.0.0/0"
            ],
            "source_service_accounts": [],
            "source_tags": [],
            "target_service_accounts": [],
            "target_tags": [],
            "timeouts": null
          },
          "sensitive_attributes": [],
          "private": "eyJlMmJmYjczMC1lY2FhLTExZTYtOGY4OC0zNDM2M2JjN2M0YzAiOnsiY3JlYXRlIjoxMjAwMDAwMDAwMDAwLCJkZWxldGUiOjEyMDAwMDAwMDAwMDAsInVwZGF0ZSI6MTIwMDAwMDAwMDAwMH0sInNjaGVtYV92ZXJzaW9uIjoiMSJ9",
          "dependencies": [
            "module.vpc.google_compute_network.this"
          ]
        }
      ]
    },
    {
      "module": "module.vpc.module.firewall",
      "mode": "managed",
      "type": "google_compute_firewall",
      "name": "allow_internal_traffic",
      "provider": "provider[\"registry.terraform.io/hashicorp/google\"]",
      "instances": [
        {
          "schema_version": 1,
          "attributes": {
            "allow": [
              {
                "ports": [],
                "protocol": "icmp"
              },
              {
                "ports": [],
                "protocol": "tcp"
              },
              {
                "ports": [],
                "protocol": "udp"
              }
            ],
            "creation_timestamp": "2023-06-08T10:13:43.967-07:00",
            "deny": [],
            "description": "",
            "destination_ranges": [],
            "direction": "INGRESS",
            "disabled": false,
            "enable_logging": null,
            "id": "projects/basic-arch-384210/global/firewalls/allow-internal-traffic",
            "log_config": [],
            "name": "allow-internal-traffic",
            "network": "https://www.googleapis.com/compute/v1/projects/basic-arch-384210/global/networks/my-vpc",
            "priority": 1000,
            "project": "basic-arch-384210",
            "self_link": "https://www.googleapis.com/compute/v1/projects/basic-arch-384210/global/firewalls/allow-internal-traffic",
            "source_ranges": [
              "10.128.0.0/9"
            ],
            "source_service_accounts": [],
            "source_tags": [],
            "target_service_accounts": [],
            "target_tags": [],
            "timeouts": null
          },
          "sensitive_attributes": [],
          "private": "eyJlMmJmYjczMC1lY2FhLTExZTYtOGY4OC0zNDM2M2JjN2M0YzAiOnsiY3JlYXRlIjoxMjAwMDAwMDAwMDAwLCJkZWxldGUiOjEyMDAwMDAwMDAwMDAsInVwZGF0ZSI6MTIwMDAwMDAwMDAwMH0sInNjaGVtYV92ZXJzaW9uIjoiMSJ9",
          "dependencies": [
            "module.vpc.google_compute_network.this"
          ]
        }
      ]
    },
    {
      "module": "module.vpc.module.firewall",
      "mode": "managed",
      "type": "google_compute_firewall",
      "name": "allow_server_port",
      "provider": "provider[\"registry.terraform.io/hashicorp/google\"]",
      "instances": [
        {
          "schema_version": 1,
          "attributes": {
            "allow": [
              {
                "ports": [
                  "8080"
                ],
                "protocol": "tcp"
              }
            ],
            "creation_timestamp": "2023-06-08T10:13:43.970-07:00",
            "deny": [],
            "description": "",
            "destination_ranges": [],
            "direction": "INGRESS",
            "disabled": false,
            "enable_logging": null,
            "id": "projects/basic-arch-384210/global/firewalls/allow-web-server",
            "log_config": [],
            "name": "allow-web-server",
            "network": "https://www.googleapis.com/compute/v1/projects/basic-arch-384210/global/networks/my-vpc",
            "priority": 1000,
            "project": "basic-arch-384210",
            "self_link": "https://www.googleapis.com/compute/v1/projects/basic-arch-384210/global/firewalls/allow-web-server",
            "source_ranges": [
              "0.0.0.0/0"
            ],
            "source_service_accounts": [],
            "source_tags": [],
            "target_service_accounts": [],
            "target_tags": [],
            "timeouts": null
          },
          "sensitive_attributes": [],
          "private": "eyJlMmJmYjczMC1lY2FhLTExZTYtOGY4OC0zNDM2M2JjN2M0YzAiOnsiY3JlYXRlIjoxMjAwMDAwMDAwMDAwLCJkZWxldGUiOjEyMDAwMDAwMDAwMDAsInVwZGF0ZSI6MTIwMDAwMDAwMDAwMH0sInNjaGVtYV92ZXJzaW9uIjoiMSJ9",
          "dependencies": [
            "module.vpc.google_compute_network.this"
          ]
        }
      ]
    },
    {
      "module": "module.vpc.module.firewall",
      "mode": "managed",
      "type": "google_compute_firewall",
      "name": "allow_ssh",
      "provider": "provider[\"registry.terraform.io/hashicorp/google\"]",
      "instances": [
        {
          "schema_version": 1,
          "attributes": {
            "allow": [
              {
                "ports": [
                  "22"
                ],
                "protocol": "tcp"
              }
            ],
            "creation_timestamp": "2023-06-08T10:13:43.964-07:00",
            "deny": [],
            "description": "",
            "destination_ranges": [],
            "direction": "INGRESS",
            "disabled": false,
            "enable_logging": null,
            "id": "projects/basic-arch-384210/global/firewalls/allow-ssh",
            "log_config": [],
            "name": "allow-ssh",
            "network": "https://www.googleapis.com/compute/v1/projects/basic-arch-384210/global/networks/my-vpc",
            "priority": 1000,
            "project": "basic-arch-384210",
            "self_link": "https://www.googleapis.com/compute/v1/projects/basic-arch-384210/global/firewalls/allow-ssh",
            "source_ranges": [
              "0.0.0.0/0"
            ],
            "source_service_accounts": [],
            "source_tags": [],
            "target_service_accounts": [],
            "target_tags": [],
            "timeouts": null
          },
          "sensitive_attributes": [],
          "private": "eyJlMmJmYjczMC1lY2FhLTExZTYtOGY4OC0zNDM2M2JjN2M0YzAiOnsiY3JlYXRlIjoxMjAwMDAwMDAwMDAwLCJkZWxldGUiOjEyMDAwMDAwMDAwMDAsInVwZGF0ZSI6MTIwMDAwMDAwMDAwMH0sInNjaGVtYV92ZXJzaW9uIjoiMSJ9",
          "dependencies": [
            "module.vpc.google_compute_network.this"
          ]
        }
      ]
    }
  ],
  "check_results": null
}
